{
  "version": "5",
  "remote": {
    "https://cdn.jsdelivr.net/npm/@wasm-audio-decoders/common@9.0.7/src/WASMAudioDecoderCommon.js": "9eb713858e7c98dcb2da9a3121ba10b2f0e69bf9f32151eb705569c68e1f33ce",
    "https://cdn.jsdelivr.net/npm/opus-decoder@0.7.12/src/EmscriptenWasm.js": "278768f829703b8b443dfc64b8c5d0e29e73f5012ba7edc641b4c211390a1a72",
    "https://cdn.jsdelivr.net/npm/simple-yenc@1.0.4/dist/esm.js": "14680ab2c8dec870ceffc05e79967b7358d31fd96eee6481388f06347a53ac3e"
  }
}
